
Microsoft Visual Studio Solution File, Format Version 12.00
# Visual Studio Version 17
VisualStudioVersion = 17.8.34330.188
MinimumVisualStudioVersion = 10.0.40219.1
Project("{9A19103F-16F7-4668-BE54-9A1E7A4F7556}") = "BussinessObject", "BussinessObject\BussinessObject.csproj", "{5CE43145-67C4-458F-ADD1-7CBCA84199E3}"
EndProject
Project("{9A19103F-16F7-4668-BE54-9A1E7A4F7556}") = "DataAccess", "DataAccess\DataAccess.csproj", "{5DF068EF-3BBC-4F04-9B6D-C4CDFD4150E8}"
EndProject
Project("{9A19103F-16F7-4668-BE54-9A1E7A4F7556}") = "WebApi", "WebApi\WebApi.csproj", "{F3567E7C-DB53-4AF5-8FD7-6A713062AEF9}"
EndProject
Project("{9A19103F-16F7-4668-BE54-9A1E7A4F7556}") = "Repository", "Repository\Repository.csproj", "{49E2F88C-85C3-4FC8-8CBA-DA87B8C4115E}"
EndProject
Project("{FAE04EC0-301F-11D3-BF4B-00C04F79EFBC}") = "WebClient", "WebClient\WebClient.csproj", "{5D1CF4E9-3904-41FF-AA38-BB3CC49EF028}"
EndProject
Global
	GlobalSection(SolutionConfigurationPlatforms) = preSolution
		Debug|Any CPU = Debug|Any CPU
		Release|Any CPU = Release|Any CPU
	EndGlobalSection
	GlobalSection(ProjectConfigurationPlatforms) = postSolution
		{5CE43145-67C4-458F-ADD1-7CBCA84199E3}.Debug|Any CPU.ActiveCfg = Debug|Any CPU
		{5CE43145-67C4-458F-ADD1-7CBCA84199E3}.Debug|Any CPU.Build.0 = Debug|Any CPU
		{5CE43145-67C4-458F-ADD1-7CBCA84199E3}.Release|Any CPU.ActiveCfg = Release|Any CPU
		{5CE43145-67C4-458F-ADD1-7CBCA84199E3}.Release|Any CPU.Build.0 = Release|Any CPU
		{5DF068EF-3BBC-4F04-9B6D-C4CDFD4150E8}.Debug|Any CPU.ActiveCfg = Debug|Any CPU
		{5DF068EF-3BBC-4F04-9B6D-C4CDFD4150E8}.Debug|Any CPU.Build.0 = Debug|Any CPU
		{5DF068EF-3BBC-4F04-9B6D-C4CDFD4150E8}.Release|Any CPU.ActiveCfg = Release|Any CPU
		{5DF068EF-3BBC-4F04-9B6D-C4CDFD4150E8}.Release|Any CPU.Build.0 = Release|Any CPU
		{F3567E7C-DB53-4AF5-8FD7-6A713062AEF9}.Debug|Any CPU.ActiveCfg = Debug|Any CPU
		{F3567E7C-DB53-4AF5-8FD7-6A713062AEF9}.Debug|Any CPU.Build.0 = Debug|Any CPU
		{F3567E7C-DB53-4AF5-8FD7-6A713062AEF9}.Release|Any CPU.ActiveCfg = Release|Any CPU
		{F3567E7C-DB53-4AF5-8FD7-6A713062AEF9}.Release|Any CPU.Build.0 = Release|Any CPU
		{49E2F88C-85C3-4FC8-8CBA-DA87B8C4115E}.Debug|Any CPU.ActiveCfg = Debug|Any CPU
		{49E2F88C-85C3-4FC8-8CBA-DA87B8C4115E}.Debug|Any CPU.Build.0 = Debug|Any CPU
		{49E2F88C-85C3-4FC8-8CBA-DA87B8C4115E}.Release|Any CPU.ActiveCfg = Release|Any CPU
		{49E2F88C-85C3-4FC8-8CBA-DA87B8C4115E}.Release|Any CPU.Build.0 = Release|Any CPU
		{5D1CF4E9-3904-41FF-AA38-BB3CC49EF028}.Debug|Any CPU.ActiveCfg = Debug|Any CPU
		{5D1CF4E9-3904-41FF-AA38-BB3CC49EF028}.Debug|Any CPU.Build.0 = Debug|Any CPU
		{5D1CF4E9-3904-41FF-AA38-BB3CC49EF028}.Release|Any CPU.ActiveCfg = Release|Any CPU
		{5D1CF4E9-3904-41FF-AA38-BB3CC49EF028}.Release|Any CPU.Build.0 = Release|Any CPU
	EndGlobalSection
	GlobalSection(SolutionProperties) = preSolution
		HideSolutionNode = FALSE
	EndGlobalSection
	GlobalSection(ExtensibilityGlobals) = postSolution
		SolutionGuid = {460DC63C-2583-4CB9-9DA5-070A86889B19}
	EndGlobalSection
EndGlobal
